
Microsoft Visual Studio Solution File, Format Version 12.00
# Visual Studio 2013
VisualStudioVersion = 12.0.31101.0
MinimumVisualStudioVersion = 10.0.40219.1
Project("{2150E333-8FDC-42A3-9474-1A3956D46DE8}") = "Lab1", "Lab1", "{595FBDDB-FDBD-4AA2-9147-7AFE52B35E0D}"
EndProject
Project("{8BC9CEB8-8B4A-11D0-8D11-00A0C91BC942}") = "Paprotski.Lab1", "Lab1\Paprotski.Lab1\Paprotski.Lab1.vcxproj", "{F7BFEC95-3C2B-4E91-AABF-0D4572AA3FD0}"
EndProject
Project("{2150E333-8FDC-42A3-9474-1A3956D46DE8}") = "Lab2", "Lab2", "{1B7976F4-325F-4BE7-A06A-76CA1DEADFB8}"
EndProject
Project("{8BC9CEB8-8B4A-11D0-8D11-00A0C91BC942}") = "Paprotski.Lab2", "Lab2\Paprotski.Lab2\Paprotski.Lab2.vcxproj", "{9DB4E406-5EC6-4133-97B3-00AB6C4E6C47}"
EndProject
Project("{2150E333-8FDC-42A3-9474-1A3956D46DE8}") = "Lab3", "Lab3", "{28C3524C-A06C-472F-81CF-85009C7D6424}"
EndProject
Project("{8BC9CEB8-8B4A-11D0-8D11-00A0C91BC942}") = "Paprotski.Lab3", "Lab3\Paprotski.Lab3\Paprotski.Lab3.vcxproj", "{56CB7F3F-2103-4CEB-B201-0F8C9E2D9323}"
EndProject
Project("{2150E333-8FDC-42A3-9474-1A3956D46DE8}") = "Lab4", "Lab4", "{B157E805-2695-4ED7-94AB-B9AF68871AD6}"
EndProject
Project("{8BC9CEB8-8B4A-11D0-8D11-00A0C91BC942}") = "Paprotski.Lab4", "Lab4\Paprotski.Lab4\Paprotski.Lab4.vcxproj", "{8757BC81-8E2A-47E2-9974-C73A6EAB04F7}"
EndProject
Project("{2150E333-8FDC-42A3-9474-1A3956D46DE8}") = "Lab5", "Lab5", "{A6945EBB-BC62-4462-B7B9-5143B4C4A4F5}"
EndProject
Project("{8BC9CEB8-8B4A-11D0-8D11-00A0C91BC942}") = "Paprotski.Lab5.1", "Lab5\Paprotski.Lab5.1\Paprotski.Lab5.1.vcxproj", "{48EE25BF-567F-498A-BF32-6D3A4966274C}"
EndProject
Project("{8BC9CEB8-8B4A-11D0-8D11-00A0C91BC942}") = "Paprotski.Lab5.2", "Lab5\Paprotski.Lab5.2\Paprotski.Lab5.2.vcxproj", "{C8026BA2-61E0-48C8-9BC0-261EDD41333E}"
EndProject
Project("{2150E333-8FDC-42A3-9474-1A3956D46DE8}") = "Lab6", "Lab6", "{34EE1953-F967-43F8-A5BF-B3A583F7FD34}"
EndProject
Project("{8BC9CEB8-8B4A-11D0-8D11-00A0C91BC942}") = "Paprotski.Lab6", "Lab6\Paprotski.Lab6\Paprotski.Lab6.vcxproj", "{76E25675-3238-4D77-9F1E-3B2018EAEECD}"
EndProject
Project("{2150E333-8FDC-42A3-9474-1A3956D46DE8}") = "Lab7", "Lab7", "{5357CF4D-8E78-462B-A01E-43D2594A911D}"
EndProject
Project("{8BC9CEB8-8B4A-11D0-8D11-00A0C91BC942}") = "Paprotski.Lab7", "Lab7\Paprotski.Lab7\Paprotski.Lab7.vcxproj", "{B01793B9-81C8-4EA3-8F24-D2BC49D014B0}"
EndProject
Project("{2150E333-8FDC-42A3-9474-1A3956D46DE8}") = "Lab8", "Lab8", "{7CB63851-180A-40B0-8E10-B802FFB0DD02}"
EndProject
Project("{8BC9CEB8-8B4A-11D0-8D11-00A0C91BC942}") = "Paprotski.Lab8", "Lab8\Paprotski.Lab8\Paprotski.Lab8.vcxproj", "{A81152E9-B41E-47B7-8BDA-46B2CB2B8E31}"
EndProject
Project("{2150E333-8FDC-42A3-9474-1A3956D46DE8}") = "Lab9", "Lab9", "{7FFFB28B-665A-4BAE-AE92-A6DEFA96AFF8}"
EndProject
Project("{8BC9CEB8-8B4A-11D0-8D11-00A0C91BC942}") = "Paprotski.Lab9", "Lab9\Paprotski.Lab9\Paprotski.Lab9.vcxproj", "{22ED9B05-132A-41EC-921E-5865696254B5}"
EndProject
Global
	GlobalSection(SolutionConfigurationPlatforms) = preSolution
		Debug|Win32 = Debug|Win32
		Release|Win32 = Release|Win32
	EndGlobalSection
	GlobalSection(ProjectConfigurationPlatforms) = postSolution
		{F7BFEC95-3C2B-4E91-AABF-0D4572AA3FD0}.Debug|Win32.ActiveCfg = Debug|Win32
		{F7BFEC95-3C2B-4E91-AABF-0D4572AA3FD0}.Debug|Win32.Build.0 = Debug|Win32
		{F7BFEC95-3C2B-4E91-AABF-0D4572AA3FD0}.Release|Win32.ActiveCfg = Release|Win32
		{F7BFEC95-3C2B-4E91-AABF-0D4572AA3FD0}.Release|Win32.Build.0 = Release|Win32
		{9DB4E406-5EC6-4133-97B3-00AB6C4E6C47}.Debug|Win32.ActiveCfg = Debug|Win32
		{9DB4E406-5EC6-4133-97B3-00AB6C4E6C47}.Debug|Win32.Build.0 = Debug|Win32
		{9DB4E406-5EC6-4133-97B3-00AB6C4E6C47}.Release|Win32.ActiveCfg = Release|Win32
		{9DB4E406-5EC6-4133-97B3-00AB6C4E6C47}.Release|Win32.Build.0 = Release|Win32
		{56CB7F3F-2103-4CEB-B201-0F8C9E2D9323}.Debug|Win32.ActiveCfg = Debug|Win32
		{56CB7F3F-2103-4CEB-B201-0F8C9E2D9323}.Debug|Win32.Build.0 = Debug|Win32
		{56CB7F3F-2103-4CEB-B201-0F8C9E2D9323}.Release|Win32.ActiveCfg = Release|Win32
		{56CB7F3F-2103-4CEB-B201-0F8C9E2D9323}.Release|Win32.Build.0 = Release|Win32
		{8757BC81-8E2A-47E2-9974-C73A6EAB04F7}.Debug|Win32.ActiveCfg = Debug|Win32
		{8757BC81-8E2A-47E2-9974-C73A6EAB04F7}.Debug|Win32.Build.0 = Debug|Win32
		{8757BC81-8E2A-47E2-9974-C73A6EAB04F7}.Release|Win32.ActiveCfg = Release|Win32
		{8757BC81-8E2A-47E2-9974-C73A6EAB04F7}.Release|Win32.Build.0 = Release|Win32
		{48EE25BF-567F-498A-BF32-6D3A4966274C}.Debug|Win32.ActiveCfg = Debug|Win32
		{48EE25BF-567F-498A-BF32-6D3A4966274C}.Debug|Win32.Build.0 = Debug|Win32
		{48EE25BF-567F-498A-BF32-6D3A4966274C}.Release|Win32.ActiveCfg = Release|Win32
		{48EE25BF-567F-498A-BF32-6D3A4966274C}.Release|Win32.Build.0 = Release|Win32
		{C8026BA2-61E0-48C8-9BC0-261EDD41333E}.Debug|Win32.ActiveCfg = Debug|Win32
		{C8026BA2-61E0-48C8-9BC0-261EDD41333E}.Debug|Win32.Build.0 = Debug|Win32
		{C8026BA2-61E0-48C8-9BC0-261EDD41333E}.Release|Win32.ActiveCfg = Release|Win32
		{C8026BA2-61E0-48C8-9BC0-261EDD41333E}.Release|Win32.Build.0 = Release|Win32
		{76E25675-3238-4D77-9F1E-3B2018EAEECD}.Debug|Win32.ActiveCfg = Debug|Win32
		{76E25675-3238-4D77-9F1E-3B2018EAEECD}.Debug|Win32.Build.0 = Debug|Win32
		{76E25675-3238-4D77-9F1E-3B2018EAEECD}.Release|Win32.ActiveCfg = Release|Win32
		{76E25675-3238-4D77-9F1E-3B2018EAEECD}.Release|Win32.Build.0 = Release|Win32
		{B01793B9-81C8-4EA3-8F24-D2BC49D014B0}.Debug|Win32.ActiveCfg = Debug|Win32
		{B01793B9-81C8-4EA3-8F24-D2BC49D014B0}.Debug|Win32.Build.0 = Debug|Win32
		{B01793B9-81C8-4EA3-8F24-D2BC49D014B0}.Release|Win32.ActiveCfg = Release|Win32
		{B01793B9-81C8-4EA3-8F24-D2BC49D014B0}.Release|Win32.Build.0 = Release|Win32
		{A81152E9-B41E-47B7-8BDA-46B2CB2B8E31}.Debug|Win32.ActiveCfg = Debug|Win32
		{A81152E9-B41E-47B7-8BDA-46B2CB2B8E31}.Debug|Win32.Build.0 = Debug|Win32
		{A81152E9-B41E-47B7-8BDA-46B2CB2B8E31}.Release|Win32.ActiveCfg = Release|Win32
		{A81152E9-B41E-47B7-8BDA-46B2CB2B8E31}.Release|Win32.Build.0 = Release|Win32
		{22ED9B05-132A-41EC-921E-5865696254B5}.Debug|Win32.ActiveCfg = Debug|Win32
		{22ED9B05-132A-41EC-921E-5865696254B5}.Debug|Win32.Build.0 = Debug|Win32
		{22ED9B05-132A-41EC-921E-5865696254B5}.Release|Win32.ActiveCfg = Release|Win32
		{22ED9B05-132A-41EC-921E-5865696254B5}.Release|Win32.Build.0 = Release|Win32
	EndGlobalSection
	GlobalSection(SolutionProperties) = preSolution
		HideSolutionNode = FALSE
	EndGlobalSection
	GlobalSection(NestedProjects) = preSolution
		{F7BFEC95-3C2B-4E91-AABF-0D4572AA3FD0} = {595FBDDB-FDBD-4AA2-9147-7AFE52B35E0D}
		{9DB4E406-5EC6-4133-97B3-00AB6C4E6C47} = {1B7976F4-325F-4BE7-A06A-76CA1DEADFB8}
		{56CB7F3F-2103-4CEB-B201-0F8C9E2D9323} = {28C3524C-A06C-472F-81CF-85009C7D6424}
		{8757BC81-8E2A-47E2-9974-C73A6EAB04F7} = {B157E805-2695-4ED7-94AB-B9AF68871AD6}
		{48EE25BF-567F-498A-BF32-6D3A4966274C} = {A6945EBB-BC62-4462-B7B9-5143B4C4A4F5}
		{C8026BA2-61E0-48C8-9BC0-261EDD41333E} = {A6945EBB-BC62-4462-B7B9-5143B4C4A4F5}
		{76E25675-3238-4D77-9F1E-3B2018EAEECD} = {34EE1953-F967-43F8-A5BF-B3A583F7FD34}
		{B01793B9-81C8-4EA3-8F24-D2BC49D014B0} = {5357CF4D-8E78-462B-A01E-43D2594A911D}
		{A81152E9-B41E-47B7-8BDA-46B2CB2B8E31} = {7CB63851-180A-40B0-8E10-B802FFB0DD02}
		{22ED9B05-132A-41EC-921E-5865696254B5} = {7FFFB28B-665A-4BAE-AE92-A6DEFA96AFF8}
	EndGlobalSection
EndGlobal
